
Microsoft Visual Studio Solution File, Format Version 12.00
# Visual Studio Version 17
VisualStudioVersion = 17.0.31903.59
MinimumVisualStudioVersion = 10.0.40219.1
Project("{FAE04EC0-301F-11D3-BF4B-00C04F79EFBC}") = "ServeurTracker.Api", "ServeurTracker.Api\ServeurTracker.Api.csproj", "{158CA166-52F1-43FF-A122-0DDA4F6CF8E1}"
EndProject
Project("{FAE04EC0-301F-11D3-BF4B-00C04F79EFBC}") = "ServeurTracker.Tests", "ServeurTracker.Tests\ServeurTracker.Tests.csproj", "{AAF9A5B7-5E0B-46A4-86BC-5528241EA5A6}"
EndProject
Global
	GlobalSection(SolutionConfigurationPlatforms) = preSolution
		Debug|Any CPU = Debug|Any CPU
		Debug|x64 = Debug|x64
		Debug|x86 = Debug|x86
		Release|Any CPU = Release|Any CPU
		Release|x64 = Release|x64
		Release|x86 = Release|x86
	EndGlobalSection
	GlobalSection(ProjectConfigurationPlatforms) = postSolution
		{158CA166-52F1-43FF-A122-0DDA4F6CF8E1}.Debug|Any CPU.ActiveCfg = Debug|Any CPU
		{158CA166-52F1-43FF-A122-0DDA4F6CF8E1}.Debug|Any CPU.Build.0 = Debug|Any CPU
		{158CA166-52F1-43FF-A122-0DDA4F6CF8E1}.Debug|x64.ActiveCfg = Debug|Any CPU
		{158CA166-52F1-43FF-A122-0DDA4F6CF8E1}.Debug|x64.Build.0 = Debug|Any CPU
		{158CA166-52F1-43FF-A122-0DDA4F6CF8E1}.Debug|x86.ActiveCfg = Debug|Any CPU
		{158CA166-52F1-43FF-A122-0DDA4F6CF8E1}.Debug|x86.Build.0 = Debug|Any CPU
		{158CA166-52F1-43FF-A122-0DDA4F6CF8E1}.Release|Any CPU.ActiveCfg = Release|Any CPU
		{158CA166-52F1-43FF-A122-0DDA4F6CF8E1}.Release|Any CPU.Build.0 = Release|Any CPU
		{158CA166-52F1-43FF-A122-0DDA4F6CF8E1}.Release|x64.ActiveCfg = Release|Any CPU
		{158CA166-52F1-43FF-A122-0DDA4F6CF8E1}.Release|x64.Build.0 = Release|Any CPU
		{158CA166-52F1-43FF-A122-0DDA4F6CF8E1}.Release|x86.ActiveCfg = Release|Any CPU
		{158CA166-52F1-43FF-A122-0DDA4F6CF8E1}.Release|x86.Build.0 = Release|Any CPU
		{AAF9A5B7-5E0B-46A4-86BC-5528241EA5A6}.Debug|Any CPU.ActiveCfg = Debug|Any CPU
		{AAF9A5B7-5E0B-46A4-86BC-5528241EA5A6}.Debug|Any CPU.Build.0 = Debug|Any CPU
		{AAF9A5B7-5E0B-46A4-86BC-5528241EA5A6}.Debug|x64.ActiveCfg = Debug|Any CPU
		{AAF9A5B7-5E0B-46A4-86BC-5528241EA5A6}.Debug|x64.Build.0 = Debug|Any CPU
		{AAF9A5B7-5E0B-46A4-86BC-5528241EA5A6}.Debug|x86.ActiveCfg = Debug|Any CPU
		{AAF9A5B7-5E0B-46A4-86BC-5528241EA5A6}.Debug|x86.Build.0 = Debug|Any CPU
		{AAF9A5B7-5E0B-46A4-86BC-5528241EA5A6}.Release|Any CPU.ActiveCfg = Release|Any CPU
		{AAF9A5B7-5E0B-46A4-86BC-5528241EA5A6}.Release|Any CPU.Build.0 = Release|Any CPU
		{AAF9A5B7-5E0B-46A4-86BC-5528241EA5A6}.Release|x64.ActiveCfg = Release|Any CPU
		{AAF9A5B7-5E0B-46A4-86BC-5528241EA5A6}.Release|x64.Build.0 = Release|Any CPU
		{AAF9A5B7-5E0B-46A4-86BC-5528241EA5A6}.Release|x86.ActiveCfg = Release|Any CPU
		{AAF9A5B7-5E0B-46A4-86BC-5528241EA5A6}.Release|x86.Build.0 = Release|Any CPU
	EndGlobalSection
	GlobalSection(SolutionProperties) = preSolution
		HideSolutionNode = FALSE
	EndGlobalSection
EndGlobal
